
Microsoft Visual Studio Solution File, Format Version 12.00
# Visual Studio Version 17
VisualStudioVersion = 17.4.33122.133
MinimumVisualStudioVersion = 10.0.40219.1
Project("{FAE04EC0-301F-11D3-BF4B-00C04F79EFBC}") = "Abstract Factory", "Abstract Factory\Abstract Factory.csproj", "{D54D542C-1A5D-4101-B9A8-A266A480E9EE}"
EndProject
Global
	GlobalSection(SolutionConfigurationPlatforms) = preSolution
		Debug|Any CPU = Debug|Any CPU
		Release|Any CPU = Release|Any CPU
	EndGlobalSection
	GlobalSection(ProjectConfigurationPlatforms) = postSolution
		{D54D542C-1A5D-4101-B9A8-A266A480E9EE}.Debug|Any CPU.ActiveCfg = Debug|Any CPU
		{D54D542C-1A5D-4101-B9A8-A266A480E9EE}.Debug|Any CPU.Build.0 = Debug|Any CPU
		{D54D542C-1A5D-4101-B9A8-A266A480E9EE}.Release|Any CPU.ActiveCfg = Release|Any CPU
		{D54D542C-1A5D-4101-B9A8-A266A480E9EE}.Release|Any CPU.Build.0 = Release|Any CPU
	EndGlobalSection
	GlobalSection(SolutionProperties) = preSolution
		HideSolutionNode = FALSE
	EndGlobalSection
	GlobalSection(ExtensibilityGlobals) = postSolution
		SolutionGuid = {2B5A3CAE-CC6F-4BB8-87EB-53BC4F580912}
	EndGlobalSection
EndGlobal
